
Microsoft Visual Studio Solution File, Format Version 12.00
# Visual Studio Version 16
VisualStudioVersion = 16.0.32002.261
MinimumVisualStudioVersion = 10.0.40219.1
Project("{FAE04EC0-301F-11D3-BF4B-00C04F79EFBC}") = "Optima_Anbar", "Optima_Anbar\Optima_Anbar.csproj", "{51014B5D-4FE3-4C38-A891-774742238A6E}"
EndProject
Global
	GlobalSection(SolutionConfigurationPlatforms) = preSolution
		Debug|Any CPU = Debug|Any CPU
		Release|Any CPU = Release|Any CPU
	EndGlobalSection
	GlobalSection(ProjectConfigurationPlatforms) = postSolution
		{51014B5D-4FE3-4C38-A891-774742238A6E}.Debug|Any CPU.ActiveCfg = Debug|Any CPU
		{51014B5D-4FE3-4C38-A891-774742238A6E}.Debug|Any CPU.Build.0 = Debug|Any CPU
		{51014B5D-4FE3-4C38-A891-774742238A6E}.Release|Any CPU.ActiveCfg = Release|Any CPU
		{51014B5D-4FE3-4C38-A891-774742238A6E}.Release|Any CPU.Build.0 = Release|Any CPU
	EndGlobalSection
	GlobalSection(SolutionProperties) = preSolution
		HideSolutionNode = FALSE
	EndGlobalSection
	GlobalSection(ExtensibilityGlobals) = postSolution
		SolutionGuid = {B1182418-CB9E-4850-BAA4-633153B10707}
	EndGlobalSection
EndGlobal
